{
  "originHash" : "2f3f5fe46a0dec53ec6a99bcbee187e5346a9fbf1359e7dc0d7c9149ad10f86d",
  "pins" : [
    {
      "identity" : "protect",
      "kind" : "remoteSourceControl",
      "location" : "https://github.com/PeteRichardson/Protect",
      "state" : {
        "revision" : "62b75914f63452bcb12ce9e0013a5d3a9b6107fe",
        "version" : "1.0.0"
      }
    },
    {
      "identity" : "simpleconfig",
      "kind" : "remoteSourceControl",
      "location" : "https://github.com/PeteRichardson/SimpleConfig",
      "state" : {
        "revision" : "6a16d5a8ee5235bca9c7ecbc9be852091906d1d0",
        "version" : "3.1.0"
      }
    },
    {
      "identity" : "swift-argument-parser",
      "kind" : "remoteSourceControl",
      "location" : "https://github.com/apple/swift-argument-parser.git",
      "state" : {
        "revision" : "6a52f3251125d74daf04fcbd5e6f08a75d074382",
        "version" : "1.8.2"
      }
    }
  ],
  "version" : 3
}
