{
  "originHash" : "962108ea68014dbd60a0e640749a982a3ae3754c4504731893c784fbbde067ea",
  "pins" : [
    {
      "identity" : "protect",
      "kind" : "remoteSourceControl",
      "location" : "https://github.com/PeteRichardson/Protect",
      "state" : {
        "branch" : "main",
        "revision" : "2fa0ecc5b594d54d8a90cb4abf88496823755a4e"
      }
    },
    {
      "identity" : "swift-argument-parser",
      "kind" : "remoteSourceControl",
      "location" : "https://github.com/apple/swift-argument-parser.git",
      "state" : {
        "revision" : "011f0c765fb46d9cac61bca19be0527e99c98c8b",
        "version" : "1.5.1"
      }
    }
  ],
  "version" : 3
}
