{
  "originHash" : "fafb2d682c93a6d17f17b3b2eb84cc0273d75c7d903e3f5d7654b5b57a3fb6b9",
  "pins" : [
    {
      "identity" : "protect",
      "kind" : "remoteSourceControl",
      "location" : "https://github.com/PeteRichardson/Protect",
      "state" : {
        "branch" : "main",
        "revision" : "62b75914f63452bcb12ce9e0013a5d3a9b6107fe"
      }
    },
    {
      "identity" : "simpleconfig",
      "kind" : "remoteSourceControl",
      "location" : "https://github.com/PeteRichardson/SimpleConfig",
      "state" : {
        "branch" : "main",
        "revision" : "5015c7640c17e9a46a776b9e869f53f769876b24"
      }
    },
    {
      "identity" : "swift-argument-parser",
      "kind" : "remoteSourceControl",
      "location" : "https://github.com/apple/swift-argument-parser.git",
      "state" : {
        "revision" : "c5d11a805e765f52ba34ec7284bd4fcd6ba68615",
        "version" : "1.7.0"
      }
    }
  ],
  "version" : 3
}
