{
  "originHash" : "75e2ba37fad41c17f94ddcf7b91e14403a0386c3f607fa41f2e6026688fb629b",
  "pins" : [
    {
      "identity" : "protect",
      "kind" : "remoteSourceControl",
      "location" : "https://github.com/PeteRichardson/Protect",
      "state" : {
        "branch" : "main",
        "revision" : "30da3598b7efe2ad1b6fc00db94cd390463175fc"
      }
    },
    {
      "identity" : "swift-argument-parser",
      "kind" : "remoteSourceControl",
      "location" : "https://github.com/apple/swift-argument-parser.git",
      "state" : {
        "revision" : "c5d11a805e765f52ba34ec7284bd4fcd6ba68615",
        "version" : "1.7.0"
      }
    }
  ],
  "version" : 3
}
