// !$*UTF8*$!
{
	archiveVersion = 1;
	classes = {
	};
	objectVersion = 77;
	objects = {

/* Begin PBXBuildFile section */
		C13E0D7D2F394C7800BF0E36 /* Protect in Frameworks */ = {isa = PBXBuildFile; productRef = C13E0D7C2F394C7800BF0E36 /* Protect */; };
		C13E0DBB2F3A974000BF0E36 /* SimpleConfig in Frameworks */ = {isa = PBXBuildFile; productRef = C13E0DBA2F3A974000BF0E36 /* SimpleConfig */; };
		C13E0DBD2F3AB0FA00BF0E36 /* Protect in Frameworks */ = {isa = PBXBuildFile; productRef = C13E0DBC2F3AB0FA00BF0E36 /* Protect */; };
		C13E0DBF2F3AB0FE00BF0E36 /* SimpleConfig in Frameworks */ = {isa = PBXBuildFile; productRef = C13E0DBE2F3AB0FE00BF0E36 /* SimpleConfig */; };
		C1711B492E0B488000ACD8FE /* ArgumentParser in Frameworks */ = {isa = PBXBuildFile; productRef = C1711B482E0B488000ACD8FE /* ArgumentParser */; };
		C1FD70402E18A2F10001B498 /* ArgumentParser in Frameworks */ = {isa = PBXBuildFile; productRef = C1FD703F2E18A2F10001B498 /* ArgumentParser */; };
/* End PBXBuildFile section */

/* Begin PBXCopyFilesBuildPhase section */
		C1711B382E0B47CB00ACD8FE /* CopyFiles */ = {
			isa = PBXCopyFilesBuildPhase;
			buildActionMask = 12;
			dstPath = "";
			dstSubfolderSpec = 6;
			files = (
			);
			runOnlyForDeploymentPostprocessing = 0;
		};
/* End PBXCopyFilesBuildPhase section */

/* Begin PBXFileReference section */
		C1711B3A2E0B47CB00ACD8FE /* camview */ = {isa = PBXFileReference; explicitFileType = "compiled.mach-o.executable"; includeInIndex = 0; path = camview; sourceTree = BUILT_PRODUCTS_DIR; };
		C1FD70262E189DD10001B498 /* camgui.app */ = {isa = PBXFileReference; explicitFileType = wrapper.application; includeInIndex = 0; path = camgui.app; sourceTree = BUILT_PRODUCTS_DIR; };
/* End PBXFileReference section */

/* Begin PBXFileSystemSynchronizedBuildFileExceptionSet section */
		C1FD70332E189DFC0001B498 /* Exceptions for "camview" folder in "camgui" target */ = {
			isa = PBXFileSystemSynchronizedBuildFileExceptionSet;
			membershipExceptions = (
				commands/config.swift,
			);
			target = C1FD70252E189DD10001B498 /* camgui */;
		};
/* End PBXFileSystemSynchronizedBuildFileExceptionSet section */

/* Begin PBXFileSystemSynchronizedRootGroup section */
		C1711B3C2E0B47CB00ACD8FE /* camview */ = {
			isa = PBXFileSystemSynchronizedRootGroup;
			exceptions = (
				C1FD70332E189DFC0001B498 /* Exceptions for "camview" folder in "camgui" target */,
			);
			path = camview;
			sourceTree = "<group>";
		};
		C1FD70272E189DD10001B498 /* camgui */ = {
			isa = PBXFileSystemSynchronizedRootGroup;
			path = camgui;
			sourceTree = "<group>";
		};
/* End PBXFileSystemSynchronizedRootGroup section */

/* Begin PBXFrameworksBuildPhase section */
		C1711B372E0B47CB00ACD8FE /* Frameworks */ = {
			isa = PBXFrameworksBuildPhase;
			buildActionMask = 2147483647;
			files = (
				C13E0DBB2F3A974000BF0E36 /* SimpleConfig in Frameworks */,
				C13E0D7D2F394C7800BF0E36 /* Protect in Frameworks */,
				C1711B492E0B488000ACD8FE /* ArgumentParser in Frameworks */,
			);
			runOnlyForDeploymentPostprocessing = 0;
		};
		C1FD70232E189DD10001B498 /* Frameworks */ = {
			isa = PBXFrameworksBuildPhase;
			buildActionMask = 2147483647;
			files = (
				C13E0DBF2F3AB0FE00BF0E36 /* SimpleConfig in Frameworks */,
				C13E0DBD2F3AB0FA00BF0E36 /* Protect in Frameworks */,
				C1FD70402E18A2F10001B498 /* ArgumentParser in Frameworks */,
			);
			runOnlyForDeploymentPostprocessing = 0;
		};
/* End PBXFrameworksBuildPhase section */

/* Begin PBXGroup section */
		C1711B312E0B47CB00ACD8FE = {
			isa = PBXGroup;
			children = (
				C1711B3C2E0B47CB00ACD8FE /* camview */,
				C1FD70272E189DD10001B498 /* camgui */,
				C1FD703C2E18A2E50001B498 /* Frameworks */,
				C1711B3B2E0B47CB00ACD8FE /* Products */,
			);
			sourceTree = "<group>";
		};
		C1711B3B2E0B47CB00ACD8FE /* Products */ = {
			isa = PBXGroup;
			children = (
				C1711B3A2E0B47CB00ACD8FE /* camview */,
				C1FD70262E189DD10001B498 /* camgui.app */,
			);
			name = Products;
			sourceTree = "<group>";
		};
		C1FD703C2E18A2E50001B498 /* Frameworks */ = {
			isa = PBXGroup;
			children = (
			);
			name = Frameworks;
			sourceTree = "<group>";
		};
/* End PBXGroup section */

/* Begin PBXNativeTarget section */
		C1711B392E0B47CB00ACD8FE /* camview */ = {
			isa = PBXNativeTarget;
			buildConfigurationList = C1711B412E0B47CB00ACD8FE /* Build configuration list for PBXNativeTarget "camview" */;
			buildPhases = (
				C1711B362E0B47CB00ACD8FE /* Sources */,
				C1711B372E0B47CB00ACD8FE /* Frameworks */,
				C1711B382E0B47CB00ACD8FE /* CopyFiles */,
			);
			buildRules = (
			);
			dependencies = (
			);
			fileSystemSynchronizedGroups = (
				C1711B3C2E0B47CB00ACD8FE /* camview */,
			);
			name = camview;
			packageProductDependencies = (
				C1711B482E0B488000ACD8FE /* ArgumentParser */,
				C13E0D7C2F394C7800BF0E36 /* Protect */,
				C13E0DBA2F3A974000BF0E36 /* SimpleConfig */,
			);
			productName = camview;
			productReference = C1711B3A2E0B47CB00ACD8FE /* camview */;
			productType = "com.apple.product-type.tool";
		};
		C1FD70252E189DD10001B498 /* camgui */ = {
			isa = PBXNativeTarget;
			buildConfigurationList = C1FD70312E189DD20001B498 /* Build configuration list for PBXNativeTarget "camgui" */;
			buildPhases = (
				C1FD70222E189DD10001B498 /* Sources */,
				C1FD70232E189DD10001B498 /* Frameworks */,
				C1FD70242E189DD10001B498 /* Resources */,
			);
			buildRules = (
			);
			dependencies = (
			);
			fileSystemSynchronizedGroups = (
				C1FD70272E189DD10001B498 /* camgui */,
			);
			name = camgui;
			packageProductDependencies = (
				C1FD703F2E18A2F10001B498 /* ArgumentParser */,
				C13E0DBC2F3AB0FA00BF0E36 /* Protect */,
				C13E0DBE2F3AB0FE00BF0E36 /* SimpleConfig */,
			);
			productName = camgui;
			productReference = C1FD70262E189DD10001B498 /* camgui.app */;
			productType = "com.apple.product-type.application";
		};
/* End PBXNativeTarget section */

/* Begin PBXProject section */
		C1711B322E0B47CB00ACD8FE /* Project object */ = {
			isa = PBXProject;
			attributes = {
				BuildIndependentTargetsInParallel = 1;
				LastSwiftUpdateCheck = 1640;
				LastUpgradeCheck = 2620;
				TargetAttributes = {
					C1711B392E0B47CB00ACD8FE = {
						CreatedOnToolsVersion = 16.4;
					};
					C1FD70252E189DD10001B498 = {
						CreatedOnToolsVersion = 16.4;
					};
				};
			};
			buildConfigurationList = C1711B352E0B47CB00ACD8FE /* Build configuration list for PBXProject "camview" */;
			developmentRegion = en;
			hasScannedForEncodings = 0;
			knownRegions = (
				en,
				Base,
			);
			mainGroup = C1711B312E0B47CB00ACD8FE;
			minimizedProjectReferenceProxies = 1;
			packageReferences = (
				C1711B472E0B488000ACD8FE /* XCRemoteSwiftPackageReference "swift-argument-parser" */,
				C13E0D7B2F394C6400BF0E36 /* XCRemoteSwiftPackageReference "Protect" */,
				C13E0DB92F3A974000BF0E36 /* XCLocalSwiftPackageReference "../SimpleConfig" */,
			);
			preferredProjectObjectVersion = 77;
			productRefGroup = C1711B3B2E0B47CB00ACD8FE /* Products */;
			projectDirPath = "";
			projectRoot = "";
			targets = (
				C1711B392E0B47CB00ACD8FE /* camview */,
				C1FD70252E189DD10001B498 /* camgui */,
			);
		};
/* End PBXProject section */

/* Begin PBXResourcesBuildPhase section */
		C1FD70242E189DD10001B498 /* Resources */ = {
			isa = PBXResourcesBuildPhase;
			buildActionMask = 2147483647;
			files = (
			);
			runOnlyForDeploymentPostprocessing = 0;
		};
/* End PBXResourcesBuildPhase section */

/* Begin PBXSourcesBuildPhase section */
		C1711B362E0B47CB00ACD8FE /* Sources */ = {
			isa = PBXSourcesBuildPhase;
			buildActionMask = 2147483647;
			files = (
			);
			runOnlyForDeploymentPostprocessing = 0;
		};
		C1FD70222E189DD10001B498 /* Sources */ = {
			isa = PBXSourcesBuildPhase;
			buildActionMask = 2147483647;
			files = (
			);
			runOnlyForDeploymentPostprocessing = 0;
		};
/* End PBXSourcesBuildPhase section */

/* Begin XCBuildConfiguration section */
		C1711B3F2E0B47CB00ACD8FE /* Debug */ = {
			isa = XCBuildConfiguration;
			buildSettings = {
				ALWAYS_SEARCH_USER_PATHS = NO;
				ASSETCATALOG_COMPILER_GENERATE_SWIFT_ASSET_SYMBOL_EXTENSIONS = YES;
				CLANG_ANALYZER_NONNULL = YES;
				CLANG_ANALYZER_NUMBER_OBJECT_CONVERSION = YES_AGGRESSIVE;
				CLANG_CXX_LANGUAGE_STANDARD = "gnu++20";
				CLANG_ENABLE_MODULES = YES;
				CLANG_ENABLE_OBJC_ARC = YES;
				CLANG_ENABLE_OBJC_WEAK = YES;
				CLANG_WARN_BLOCK_CAPTURE_AUTORELEASING = YES;
				CLANG_WARN_BOOL_CONVERSION = YES;
				CLANG_WARN_COMMA = YES;
				CLANG_WARN_CONSTANT_CONVERSION = YES;
				CLANG_WARN_DEPRECATED_OBJC_IMPLEMENTATIONS = YES;
				CLANG_WARN_DIRECT_OBJC_ISA_USAGE = YES_ERROR;
				CLANG_WARN_DOCUMENTATION_COMMENTS = YES;
				CLANG_WARN_EMPTY_BODY = YES;
				CLANG_WARN_ENUM_CONVERSION = YES;
				CLANG_WARN_INFINITE_RECURSION = YES;
				CLANG_WARN_INT_CONVERSION = YES;
				CLANG_WARN_NON_LITERAL_NULL_CONVERSION = YES;
				CLANG_WARN_OBJC_IMPLICIT_RETAIN_SELF = YES;
				CLANG_WARN_OBJC_LITERAL_CONVERSION = YES;
				CLANG_WARN_OBJC_ROOT_CLASS = YES_ERROR;
				CLANG_WARN_QUOTED_INCLUDE_IN_FRAMEWORK_HEADER = YES;
				CLANG_WARN_RANGE_LOOP_ANALYSIS = YES;
				CLANG_WARN_STRICT_PROTOTYPES = YES;
				CLANG_WARN_SUSPICIOUS_MOVE = YES;
				CLANG_WARN_UNGUARDED_AVAILABILITY = YES_AGGRESSIVE;
				CLANG_WARN_UNREACHABLE_CODE = YES;
				CLANG_WARN__DUPLICATE_METHOD_MATCH = YES;
				COPY_PHASE_STRIP = NO;
				DEAD_CODE_STRIPPING = YES;
				DEBUG_INFORMATION_FORMAT = dwarf;
				DEVELOPMENT_TEAM = RFDDK5QUG8;
				ENABLE_STRICT_OBJC_MSGSEND = YES;
				ENABLE_TESTABILITY = YES;
				ENABLE_USER_SCRIPT_SANDBOXING = YES;
				GCC_C_LANGUAGE_STANDARD = gnu17;
				GCC_DYNAMIC_NO_PIC = NO;
				GCC_NO_COMMON_BLOCKS = YES;
				GCC_OPTIMIZATION_LEVEL = 0;
				GCC_PREPROCESSOR_DEFINITIONS = (
					"DEBUG=1",
					"$(inherited)",
				);
				GCC_WARN_64_TO_32_BIT_CONVERSION = YES;
				GCC_WARN_ABOUT_RETURN_TYPE = YES_ERROR;
				GCC_WARN_UNDECLARED_SELECTOR = YES;
				GCC_WARN_UNINITIALIZED_AUTOS = YES_AGGRESSIVE;
				GCC_WARN_UNUSED_FUNCTION = YES;
				GCC_WARN_UNUSED_VARIABLE = YES;
				LOCALIZATION_PREFERS_STRING_CATALOGS = YES;
				MACOSX_DEPLOYMENT_TARGET = 15.5;
				MTL_ENABLE_DEBUG_INFO = INCLUDE_SOURCE;
				MTL_FAST_MATH = YES;
				ONLY_ACTIVE_ARCH = YES;
				SDKROOT = macosx;
				STRING_CATALOG_GENERATE_SYMBOLS = YES;
				SWIFT_ACTIVE_COMPILATION_CONDITIONS = "DEBUG $(inherited)";
				SWIFT_OPTIMIZATION_LEVEL = "-Onone";
			};
			name = Debug;
		};
		C1711B402E0B47CB00ACD8FE /* Release */ = {
			isa = XCBuildConfiguration;
			buildSettings = {
				ALWAYS_SEARCH_USER_PATHS = NO;
				ASSETCATALOG_COMPILER_GENERATE_SWIFT_ASSET_SYMBOL_EXTENSIONS = YES;
				CLANG_ANALYZER_NONNULL = YES;
				CLANG_ANALYZER_NUMBER_OBJECT_CONVERSION = YES_AGGRESSIVE;
				CLANG_CXX_LANGUAGE_STANDARD = "gnu++20";
				CLANG_ENABLE_MODULES = YES;
				CLANG_ENABLE_OBJC_ARC = YES;
				CLANG_ENABLE_OBJC_WEAK = YES;
				CLANG_WARN_BLOCK_CAPTURE_AUTORELEASING = YES;
				CLANG_WARN_BOOL_CONVERSION = YES;
				CLANG_WARN_COMMA = YES;
				CLANG_WARN_CONSTANT_CONVERSION = YES;
				CLANG_WARN_DEPRECATED_OBJC_IMPLEMENTATIONS = YES;
				CLANG_WARN_DIRECT_OBJC_ISA_USAGE = YES_ERROR;
				CLANG_WARN_DOCUMENTATION_COMMENTS = YES;
				CLANG_WARN_EMPTY_BODY = YES;
				CLANG_WARN_ENUM_CONVERSION = YES;
				CLANG_WARN_INFINITE_RECURSION = YES;
				CLANG_WARN_INT_CONVERSION = YES;
				CLANG_WARN_NON_LITERAL_NULL_CONVERSION = YES;
				CLANG_WARN_OBJC_IMPLICIT_RETAIN_SELF = YES;
				CLANG_WARN_OBJC_LITERAL_CONVERSION = YES;
				CLANG_WARN_OBJC_ROOT_CLASS = YES_ERROR;
				CLANG_WARN_QUOTED_INCLUDE_IN_FRAMEWORK_HEADER = YES;
				CLANG_WARN_RANGE_LOOP_ANALYSIS = YES;
				CLANG_WARN_STRICT_PROTOTYPES = YES;
				CLANG_WARN_SUSPICIOUS_MOVE = YES;
				CLANG_WARN_UNGUARDED_AVAILABILITY = YES_AGGRESSIVE;
				CLANG_WARN_UNREACHABLE_CODE = YES;
				CLANG_WARN__DUPLICATE_METHOD_MATCH = YES;
				COPY_PHASE_STRIP = NO;
				DEAD_CODE_STRIPPING = YES;
				DEBUG_INFORMATION_FORMAT = "dwarf-with-dsym";
				DEVELOPMENT_TEAM = RFDDK5QUG8;
				ENABLE_NS_ASSERTIONS = NO;
				ENABLE_STRICT_OBJC_MSGSEND = YES;
				ENABLE_USER_SCRIPT_SANDBOXING = YES;
				GCC_C_LANGUAGE_STANDARD = gnu17;
				GCC_NO_COMMON_BLOCKS = YES;
				GCC_WARN_64_TO_32_BIT_CONVERSION = YES;
				GCC_WARN_ABOUT_RETURN_TYPE = YES_ERROR;
				GCC_WARN_UNDECLARED_SELECTOR = YES;
				GCC_WARN_UNINITIALIZED_AUTOS = YES_AGGRESSIVE;
				GCC_WARN_UNUSED_FUNCTION = YES;
				GCC_WARN_UNUSED_VARIABLE = YES;
				LOCALIZATION_PREFERS_STRING_CATALOGS = YES;
				MACOSX_DEPLOYMENT_TARGET = 15.5;
				MTL_ENABLE_DEBUG_INFO = NO;
				MTL_FAST_MATH = YES;
				SDKROOT = macosx;
				STRING_CATALOG_GENERATE_SYMBOLS = YES;
				SWIFT_COMPILATION_MODE = wholemodule;
			};
			name = Release;
		};
		C1711B422E0B47CB00ACD8FE /* Debug */ = {
			isa = XCBuildConfiguration;
			buildSettings = {
				CODE_SIGN_STYLE = Automatic;
				DEAD_CODE_STRIPPING = YES;
				DEVELOPMENT_TEAM = RFDDK5QUG8;
				ENABLE_HARDENED_RUNTIME = YES;
				MACOSX_DEPLOYMENT_TARGET = 26.0;
				PRODUCT_NAME = "$(TARGET_NAME)";
				SWIFT_VERSION = 5.0;
			};
			name = Debug;
		};
		C1711B432E0B47CB00ACD8FE /* Release */ = {
			isa = XCBuildConfiguration;
			buildSettings = {
				CODE_SIGN_STYLE = Automatic;
				DEAD_CODE_STRIPPING = YES;
				DEVELOPMENT_TEAM = RFDDK5QUG8;
				ENABLE_HARDENED_RUNTIME = YES;
				MACOSX_DEPLOYMENT_TARGET = 26.0;
				PRODUCT_NAME = "$(TARGET_NAME)";
				SWIFT_VERSION = 5.0;
			};
			name = Release;
		};
		C1FD702F2E189DD20001B498 /* Debug */ = {
			isa = XCBuildConfiguration;
			buildSettings = {
				ASSETCATALOG_COMPILER_APPICON_NAME = AppIcon;
				ASSETCATALOG_COMPILER_GLOBAL_ACCENT_COLOR_NAME = AccentColor;
				CODE_SIGN_ENTITLEMENTS = camgui/camgui.entitlements;
				CODE_SIGN_STYLE = Automatic;
				COMBINE_HIDPI_IMAGES = YES;
				CURRENT_PROJECT_VERSION = 1;
				DEAD_CODE_STRIPPING = YES;
				DEVELOPMENT_TEAM = RFDDK5QUG8;
				ENABLE_APP_SANDBOX = YES;
				ENABLE_HARDENED_RUNTIME = YES;
				ENABLE_OUTGOING_NETWORK_CONNECTIONS = YES;
				ENABLE_PREVIEWS = YES;
				ENABLE_USER_SELECTED_FILES = readonly;
				GENERATE_INFOPLIST_FILE = YES;
				INFOPLIST_KEY_NSHumanReadableCopyright = "";
				LD_RUNPATH_SEARCH_PATHS = (
					"$(inherited)",
					"@executable_path/../Frameworks",
				);
				MARKETING_VERSION = 1.0;
				PRODUCT_BUNDLE_IDENTIFIER = com.peterichardson.camgui;
				PRODUCT_NAME = "$(TARGET_NAME)";
				REGISTER_APP_GROUPS = YES;
				SWIFT_EMIT_LOC_STRINGS = YES;
				SWIFT_VERSION = 5.0;
			};
			name = Debug;
		};
		C1FD70302E189DD20001B498 /* Release */ = {
			isa = XCBuildConfiguration;
			buildSettings = {
				ASSETCATALOG_COMPILER_APPICON_NAME = AppIcon;
				ASSETCATALOG_COMPILER_GLOBAL_ACCENT_COLOR_NAME = AccentColor;
				CODE_SIGN_ENTITLEMENTS = camgui/camgui.entitlements;
				CODE_SIGN_STYLE = Automatic;
				COMBINE_HIDPI_IMAGES = YES;
				CURRENT_PROJECT_VERSION = 1;
				DEAD_CODE_STRIPPING = YES;
				DEVELOPMENT_TEAM = RFDDK5QUG8;
				ENABLE_APP_SANDBOX = YES;
				ENABLE_HARDENED_RUNTIME = YES;
				ENABLE_OUTGOING_NETWORK_CONNECTIONS = YES;
				ENABLE_PREVIEWS = YES;
				ENABLE_USER_SELECTED_FILES = readonly;
				GENERATE_INFOPLIST_FILE = YES;
				INFOPLIST_KEY_NSHumanReadableCopyright = "";
				LD_RUNPATH_SEARCH_PATHS = (
					"$(inherited)",
					"@executable_path/../Frameworks",
				);
				MARKETING_VERSION = 1.0;
				PRODUCT_BUNDLE_IDENTIFIER = com.peterichardson.camgui;
				PRODUCT_NAME = "$(TARGET_NAME)";
				REGISTER_APP_GROUPS = YES;
				SWIFT_EMIT_LOC_STRINGS = YES;
				SWIFT_VERSION = 5.0;
			};
			name = Release;
		};
/* End XCBuildConfiguration section */

/* Begin XCConfigurationList section */
		C1711B352E0B47CB00ACD8FE /* Build configuration list for PBXProject "camview" */ = {
			isa = XCConfigurationList;
			buildConfigurations = (
				C1711B3F2E0B47CB00ACD8FE /* Debug */,
				C1711B402E0B47CB00ACD8FE /* Release */,
			);
			defaultConfigurationIsVisible = 0;
			defaultConfigurationName = Release;
		};
		C1711B412E0B47CB00ACD8FE /* Build configuration list for PBXNativeTarget "camview" */ = {
			isa = XCConfigurationList;
			buildConfigurations = (
				C1711B422E0B47CB00ACD8FE /* Debug */,
				C1711B432E0B47CB00ACD8FE /* Release */,
			);
			defaultConfigurationIsVisible = 0;
			defaultConfigurationName = Release;
		};
		C1FD70312E189DD20001B498 /* Build configuration list for PBXNativeTarget "camgui" */ = {
			isa = XCConfigurationList;
			buildConfigurations = (
				C1FD702F2E189DD20001B498 /* Debug */,
				C1FD70302E189DD20001B498 /* Release */,
			);
			defaultConfigurationIsVisible = 0;
			defaultConfigurationName = Release;
		};
/* End XCConfigurationList section */

/* Begin XCLocalSwiftPackageReference section */
		C13E0DB92F3A974000BF0E36 /* XCLocalSwiftPackageReference "../SimpleConfig" */ = {
			isa = XCLocalSwiftPackageReference;
			relativePath = ../SimpleConfig;
		};
/* End XCLocalSwiftPackageReference section */

/* Begin XCRemoteSwiftPackageReference section */
		C13E0D7B2F394C6400BF0E36 /* XCRemoteSwiftPackageReference "Protect" */ = {
			isa = XCRemoteSwiftPackageReference;
			repositoryURL = "https://github.com/PeteRichardson/Protect";
			requirement = {
				branch = main;
				kind = branch;
			};
		};
		C1711B472E0B488000ACD8FE /* XCRemoteSwiftPackageReference "swift-argument-parser" */ = {
			isa = XCRemoteSwiftPackageReference;
			repositoryURL = "https://github.com/apple/swift-argument-parser.git";
			requirement = {
				kind = upToNextMajorVersion;
				minimumVersion = 1.5.1;
			};
		};
/* End XCRemoteSwiftPackageReference section */

/* Begin XCSwiftPackageProductDependency section */
		C13E0D7C2F394C7800BF0E36 /* Protect */ = {
			isa = XCSwiftPackageProductDependency;
			package = C13E0D7B2F394C6400BF0E36 /* XCRemoteSwiftPackageReference "Protect" */;
			productName = Protect;
		};
		C13E0DBA2F3A974000BF0E36 /* SimpleConfig */ = {
			isa = XCSwiftPackageProductDependency;
			productName = SimpleConfig;
		};
		C13E0DBC2F3AB0FA00BF0E36 /* Protect */ = {
			isa = XCSwiftPackageProductDependency;
			package = C13E0D7B2F394C6400BF0E36 /* XCRemoteSwiftPackageReference "Protect" */;
			productName = Protect;
		};
		C13E0DBE2F3AB0FE00BF0E36 /* SimpleConfig */ = {
			isa = XCSwiftPackageProductDependency;
			package = C13E0DB92F3A974000BF0E36 /* XCLocalSwiftPackageReference "../SimpleConfig" */;
			productName = SimpleConfig;
		};
		C1711B482E0B488000ACD8FE /* ArgumentParser */ = {
			isa = XCSwiftPackageProductDependency;
			package = C1711B472E0B488000ACD8FE /* XCRemoteSwiftPackageReference "swift-argument-parser" */;
			productName = ArgumentParser;
		};
		C1FD703F2E18A2F10001B498 /* ArgumentParser */ = {
			isa = XCSwiftPackageProductDependency;
			package = C1711B472E0B488000ACD8FE /* XCRemoteSwiftPackageReference "swift-argument-parser" */;
			productName = ArgumentParser;
		};
/* End XCSwiftPackageProductDependency section */
	};
	rootObject = C1711B322E0B47CB00ACD8FE /* Project object */;
}
